
Microsoft Visual Studio Solution File, Format Version 12.00
# Visual Studio 2012
Project("{FAE04EC0-301F-11D3-BF4B-00C04F79EFBC}") = "SearchForPro", "SearchForPro.csproj", "{4E4BCE1D-62C2-4136-B752-2606369EC482}"
EndProject
Project("{FAE04EC0-301F-11D3-BF4B-00C04F79EFBC}") = "UnitTests", "UnitTests\UnitTests.csproj", "{A0B74AD8-FB3F-4873-99A6-9C0AAAB42496}"
EndProject
Global
	GlobalSection(SolutionConfigurationPlatforms) = preSolution
		Debug|Any CPU = Debug|Any CPU
		Release|Any CPU = Release|Any CPU
	EndGlobalSection
	GlobalSection(ProjectConfigurationPlatforms) = postSolution
		{4E4BCE1D-62C2-4136-B752-2606369EC482}.Debug|Any CPU.ActiveCfg = Debug|Any CPU
		{4E4BCE1D-62C2-4136-B752-2606369EC482}.Debug|Any CPU.Build.0 = Debug|Any CPU
		{4E4BCE1D-62C2-4136-B752-2606369EC482}.Release|Any CPU.ActiveCfg = Release|Any CPU
		{4E4BCE1D-62C2-4136-B752-2606369EC482}.Release|Any CPU.Build.0 = Release|Any CPU
		{A0B74AD8-FB3F-4873-99A6-9C0AAAB42496}.Debug|Any CPU.ActiveCfg = Debug|Any CPU
		{A0B74AD8-FB3F-4873-99A6-9C0AAAB42496}.Debug|Any CPU.Build.0 = Debug|Any CPU
		{A0B74AD8-FB3F-4873-99A6-9C0AAAB42496}.Release|Any CPU.ActiveCfg = Release|Any CPU
		{A0B74AD8-FB3F-4873-99A6-9C0AAAB42496}.Release|Any CPU.Build.0 = Release|Any CPU
	EndGlobalSection
	GlobalSection(SolutionProperties) = preSolution
		HideSolutionNode = FALSE
	EndGlobalSection
EndGlobal
